
Microsoft Visual Studio Solution File, Format Version 12.00
# Visual Studio Version 17
VisualStudioVersion = 17.3.32819.101
MinimumVisualStudioVersion = 10.0.40219.1
Project("{FAE04EC0-301F-11D3-BF4B-00C04F79EFBC}") = "Turnierprogramm2", "Turnierprogramm2\Turnierprogramm2.csproj", "{B48A7947-4D79-41B7-A335-88E2C235A262}"
EndProject
Project("{9A19103F-16F7-4668-BE54-9A1E7A4F7556}") = "UnitTestProject", "UnitTestProject\UnitTestProject.csproj", "{213C9B69-0F53-4088-A28E-C652B9E41B18}"
EndProject
Project("{9A19103F-16F7-4668-BE54-9A1E7A4F7556}") = "TestApp", "TestApp\TestApp.csproj", "{21A13D15-D2BD-4404-9B5E-5BD089911A84}"
EndProject
Global
	GlobalSection(SolutionConfigurationPlatforms) = preSolution
		Debug|Any CPU = Debug|Any CPU
		Release|Any CPU = Release|Any CPU
	EndGlobalSection
	GlobalSection(ProjectConfigurationPlatforms) = postSolution
		{B48A7947-4D79-41B7-A335-88E2C235A262}.Debug|Any CPU.ActiveCfg = Debug|Any CPU
		{B48A7947-4D79-41B7-A335-88E2C235A262}.Debug|Any CPU.Build.0 = Debug|Any CPU
		{B48A7947-4D79-41B7-A335-88E2C235A262}.Release|Any CPU.ActiveCfg = Release|Any CPU
		{B48A7947-4D79-41B7-A335-88E2C235A262}.Release|Any CPU.Build.0 = Release|Any CPU
		{213C9B69-0F53-4088-A28E-C652B9E41B18}.Debug|Any CPU.ActiveCfg = Debug|Any CPU
		{213C9B69-0F53-4088-A28E-C652B9E41B18}.Release|Any CPU.ActiveCfg = Release|Any CPU
		{213C9B69-0F53-4088-A28E-C652B9E41B18}.Release|Any CPU.Build.0 = Release|Any CPU
		{21A13D15-D2BD-4404-9B5E-5BD089911A84}.Debug|Any CPU.ActiveCfg = Debug|Any CPU
		{21A13D15-D2BD-4404-9B5E-5BD089911A84}.Debug|Any CPU.Build.0 = Debug|Any CPU
		{21A13D15-D2BD-4404-9B5E-5BD089911A84}.Release|Any CPU.ActiveCfg = Release|Any CPU
		{21A13D15-D2BD-4404-9B5E-5BD089911A84}.Release|Any CPU.Build.0 = Release|Any CPU
	EndGlobalSection
	GlobalSection(SolutionProperties) = preSolution
		HideSolutionNode = FALSE
	EndGlobalSection
	GlobalSection(ExtensibilityGlobals) = postSolution
		SolutionGuid = {5640D2D5-3A8C-44D2-AA74-EDB2EA4540C0}
	EndGlobalSection
EndGlobal
